{
  "name": "ConsoleDraw",
  "lockfileVersion": 2,
  "requires": true,
  "packages": {
    "": {
      "dependencies": {
        "ascii-art-reverse": "^0.0.1"
      }
    },
    "node_modules/ascii-art-reverse": {
      "version": "0.0.1",
      "resolved": "https://registry.npmjs.org/ascii-art-reverse/-/ascii-art-reverse-0.0.1.tgz",
      "integrity": "sha1-bOM+vM8shnhzkr1nj4v28x6iqjY="
    }
  },
  "dependencies": {
    "ascii-art-reverse": {
      "version": "0.0.1",
      "resolved": "https://registry.npmjs.org/ascii-art-reverse/-/ascii-art-reverse-0.0.1.tgz",
      "integrity": "sha1-bOM+vM8shnhzkr1nj4v28x6iqjY="
    }
  }
}
